
Microsoft Visual Studio Solution File, Format Version 12.00
# Visual Studio Version 17
VisualStudioVersion = 17.5.33516.290
MinimumVisualStudioVersion = 10.0.40219.1
Project("{FAE04EC0-301F-11D3-BF4B-00C04F79EFBC}") = "RadioChannels", "RadioChannels\RadioChannels.csproj", "{EA326C48-3EA2-488F-8BDC-AB4F8E6BD18F}"
EndProject
Global
	GlobalSection(SolutionConfigurationPlatforms) = preSolution
		Debug|Any CPU = Debug|Any CPU
		Release|Any CPU = Release|Any CPU
	EndGlobalSection
	GlobalSection(ProjectConfigurationPlatforms) = postSolution
		{EA326C48-3EA2-488F-8BDC-AB4F8E6BD18F}.Debug|Any CPU.ActiveCfg = Debug|Any CPU
		{EA326C48-3EA2-488F-8BDC-AB4F8E6BD18F}.Debug|Any CPU.Build.0 = Debug|Any CPU
		{EA326C48-3EA2-488F-8BDC-AB4F8E6BD18F}.Release|Any CPU.ActiveCfg = Release|Any CPU
		{EA326C48-3EA2-488F-8BDC-AB4F8E6BD18F}.Release|Any CPU.Build.0 = Release|Any CPU
	EndGlobalSection
	GlobalSection(SolutionProperties) = preSolution
		HideSolutionNode = FALSE
	EndGlobalSection
	GlobalSection(ExtensibilityGlobals) = postSolution
		SolutionGuid = {5A851137-AA9C-4BB7-B180-F3855CAF55D4}
	EndGlobalSection
EndGlobal
